
Microsoft Visual Studio Solution File, Format Version 12.00
# Visual Studio 15
VisualStudioVersion = 15.0.27004.2005
MinimumVisualStudioVersion = 10.0.40219.1
Project("{FAE04EC0-301F-11D3-BF4B-00C04F79EFBC}") = "test1", "test1\test1.csproj", "{EA8BC896-5EF5-46C9-BBA2-861D1461E6B2}"
EndProject
Global
	GlobalSection(SolutionConfigurationPlatforms) = preSolution
		Debug|Any CPU = Debug|Any CPU
		Release|Any CPU = Release|Any CPU
	EndGlobalSection
	GlobalSection(ProjectConfigurationPlatforms) = postSolution
		{EA8BC896-5EF5-46C9-BBA2-861D1461E6B2}.Debug|Any CPU.ActiveCfg = Debug|Any CPU
		{EA8BC896-5EF5-46C9-BBA2-861D1461E6B2}.Debug|Any CPU.Build.0 = Debug|Any CPU
		{EA8BC896-5EF5-46C9-BBA2-861D1461E6B2}.Release|Any CPU.ActiveCfg = Release|Any CPU
		{EA8BC896-5EF5-46C9-BBA2-861D1461E6B2}.Release|Any CPU.Build.0 = Release|Any CPU
	EndGlobalSection
	GlobalSection(SolutionProperties) = preSolution
		HideSolutionNode = FALSE
	EndGlobalSection
	GlobalSection(ExtensibilityGlobals) = postSolution
		SolutionGuid = {8562320A-CDFE-4166-B174-814877D6F285}
	EndGlobalSection
EndGlobal
